
Microsoft Visual Studio Solution File, Format Version 12.00
# Visual Studio Version 17
VisualStudioVersion = 17.13.35806.99
MinimumVisualStudioVersion = 10.0.40219.1
Project("{FAE04EC0-301F-11D3-BF4B-00C04F79EFBC}") = "CourierCodeChallenge", "CourierCodeChallenge.csproj", "{10272D28-1F37-4A1C-A1E4-DCDBFE8D0CA9}"
EndProject
Project("{FAE04EC0-301F-11D3-BF4B-00C04F79EFBC}") = "CourierCodeChallenge.Core", "..\CourierCodeChallenge.Core\CourierCodeChallenge.Core.csproj", "{9BDDAD05-FFC2-4B7E-8623-0B3AF4409612}"
EndProject
Project("{FAE04EC0-301F-11D3-BF4B-00C04F79EFBC}") = "CourierCodeChallenge.Tests", "..\CourierCodeChallenge.Tests\CourierCodeChallenge.Tests.csproj", "{A3AA7A6C-2E13-4AB5-BAC2-15AE1ED2F74A}"
EndProject
Global
	GlobalSection(SolutionConfigurationPlatforms) = preSolution
		Debug|Any CPU = Debug|Any CPU
		Release|Any CPU = Release|Any CPU
	EndGlobalSection
	GlobalSection(ProjectConfigurationPlatforms) = postSolution
		{10272D28-1F37-4A1C-A1E4-DCDBFE8D0CA9}.Debug|Any CPU.ActiveCfg = Debug|Any CPU
		{10272D28-1F37-4A1C-A1E4-DCDBFE8D0CA9}.Debug|Any CPU.Build.0 = Debug|Any CPU
		{10272D28-1F37-4A1C-A1E4-DCDBFE8D0CA9}.Release|Any CPU.ActiveCfg = Release|Any CPU
		{10272D28-1F37-4A1C-A1E4-DCDBFE8D0CA9}.Release|Any CPU.Build.0 = Release|Any CPU
		{9BDDAD05-FFC2-4B7E-8623-0B3AF4409612}.Debug|Any CPU.ActiveCfg = Debug|Any CPU
		{9BDDAD05-FFC2-4B7E-8623-0B3AF4409612}.Debug|Any CPU.Build.0 = Debug|Any CPU
		{9BDDAD05-FFC2-4B7E-8623-0B3AF4409612}.Release|Any CPU.ActiveCfg = Release|Any CPU
		{9BDDAD05-FFC2-4B7E-8623-0B3AF4409612}.Release|Any CPU.Build.0 = Release|Any CPU
		{A3AA7A6C-2E13-4AB5-BAC2-15AE1ED2F74A}.Debug|Any CPU.ActiveCfg = Debug|Any CPU
		{A3AA7A6C-2E13-4AB5-BAC2-15AE1ED2F74A}.Debug|Any CPU.Build.0 = Debug|Any CPU
		{A3AA7A6C-2E13-4AB5-BAC2-15AE1ED2F74A}.Release|Any CPU.ActiveCfg = Release|Any CPU
		{A3AA7A6C-2E13-4AB5-BAC2-15AE1ED2F74A}.Release|Any CPU.Build.0 = Release|Any CPU
	EndGlobalSection
	GlobalSection(SolutionProperties) = preSolution
		HideSolutionNode = FALSE
	EndGlobalSection
	GlobalSection(ExtensibilityGlobals) = postSolution
		SolutionGuid = {B13D1563-35A6-48AA-859C-34DF67F4CE8E}
	EndGlobalSection
EndGlobal
